
Microsoft Visual Studio Solution File, Format Version 12.00
# Visual Studio Version 16
VisualStudioVersion = 16.0.29728.190
MinimumVisualStudioVersion = 10.0.40219.1
Project("{FAE04EC0-301F-11D3-BF4B-00C04F79EFBC}") = "EmergencyTrayApp", "EmergencyTrayApp\EmergencyTrayApp.csproj", "{3121E0FA-E607-40B1-B04C-1C590ACBB166}"
EndProject
Global
	GlobalSection(SolutionConfigurationPlatforms) = preSolution
		Debug|Any CPU = Debug|Any CPU
		Release|Any CPU = Release|Any CPU
	EndGlobalSection
	GlobalSection(ProjectConfigurationPlatforms) = postSolution
		{3121E0FA-E607-40B1-B04C-1C590ACBB166}.Debug|Any CPU.ActiveCfg = Debug|Any CPU
		{3121E0FA-E607-40B1-B04C-1C590ACBB166}.Debug|Any CPU.Build.0 = Debug|Any CPU
		{3121E0FA-E607-40B1-B04C-1C590ACBB166}.Release|Any CPU.ActiveCfg = Release|Any CPU
		{3121E0FA-E607-40B1-B04C-1C590ACBB166}.Release|Any CPU.Build.0 = Release|Any CPU
	EndGlobalSection
	GlobalSection(SolutionProperties) = preSolution
		HideSolutionNode = FALSE
	EndGlobalSection
	GlobalSection(ExtensibilityGlobals) = postSolution
		SolutionGuid = {3AD74401-7162-4BDD-88CF-16056839399D}
	EndGlobalSection
EndGlobal
